
Microsoft Visual Studio Solution File, Format Version 12.00
# Visual Studio Version 17
VisualStudioVersion = 17.1.32421.90
MinimumVisualStudioVersion = 10.0.40219.1
Project("{9A19103F-16F7-4668-BE54-9A1E7A4F7556}") = "WebApplication2", "WebApplication2\WebApplication2.csproj", "{2935838C-50BD-4D2C-848C-9522CA1C2827}"
EndProject
Project("{9A19103F-16F7-4668-BE54-9A1E7A4F7556}") = "App.Testing.Console", "App.Testing.Console\App.Testing.Console.csproj", "{2CF3326F-0034-45DD-94CF-87729D06C914}"
EndProject
Project("{9A19103F-16F7-4668-BE54-9A1E7A4F7556}") = "WebApp", "WebApp\WebApp.csproj", "{86001D64-624F-4CCF-A8C1-313110FDD09E}"
EndProject
Global
	GlobalSection(SolutionConfigurationPlatforms) = preSolution
		Debug|Any CPU = Debug|Any CPU
		Release|Any CPU = Release|Any CPU
	EndGlobalSection
	GlobalSection(ProjectConfigurationPlatforms) = postSolution
		{2935838C-50BD-4D2C-848C-9522CA1C2827}.Debug|Any CPU.ActiveCfg = Debug|Any CPU
		{2935838C-50BD-4D2C-848C-9522CA1C2827}.Debug|Any CPU.Build.0 = Debug|Any CPU
		{2935838C-50BD-4D2C-848C-9522CA1C2827}.Release|Any CPU.ActiveCfg = Release|Any CPU
		{2935838C-50BD-4D2C-848C-9522CA1C2827}.Release|Any CPU.Build.0 = Release|Any CPU
		{2CF3326F-0034-45DD-94CF-87729D06C914}.Debug|Any CPU.ActiveCfg = Debug|Any CPU
		{2CF3326F-0034-45DD-94CF-87729D06C914}.Debug|Any CPU.Build.0 = Debug|Any CPU
		{2CF3326F-0034-45DD-94CF-87729D06C914}.Release|Any CPU.ActiveCfg = Release|Any CPU
		{2CF3326F-0034-45DD-94CF-87729D06C914}.Release|Any CPU.Build.0 = Release|Any CPU
		{86001D64-624F-4CCF-A8C1-313110FDD09E}.Debug|Any CPU.ActiveCfg = Debug|Any CPU
		{86001D64-624F-4CCF-A8C1-313110FDD09E}.Debug|Any CPU.Build.0 = Debug|Any CPU
		{86001D64-624F-4CCF-A8C1-313110FDD09E}.Release|Any CPU.ActiveCfg = Release|Any CPU
		{86001D64-624F-4CCF-A8C1-313110FDD09E}.Release|Any CPU.Build.0 = Release|Any CPU
	EndGlobalSection
	GlobalSection(SolutionProperties) = preSolution
		HideSolutionNode = FALSE
	EndGlobalSection
	GlobalSection(ExtensibilityGlobals) = postSolution
		SolutionGuid = {F498E0EF-8C10-4B3B-89D0-6B9A8C625FAA}
	EndGlobalSection
EndGlobal
